
Microsoft Visual Studio Solution File, Format Version 12.00
# Visual Studio Version 17
VisualStudioVersion = 17.9.34728.123
MinimumVisualStudioVersion = 10.0.40219.1
Project("{FAE04EC0-301F-11D3-BF4B-00C04F79EFBC}") = "ASP-NET", "ASP-NET\ASP-NET.csproj", "{D28DAB44-EF99-44FC-B041-8A0D3C0E8F62}"
EndProject
Global
	GlobalSection(SolutionConfigurationPlatforms) = preSolution
		Debug|Any CPU = Debug|Any CPU
		Release|Any CPU = Release|Any CPU
	EndGlobalSection
	GlobalSection(ProjectConfigurationPlatforms) = postSolution
		{D28DAB44-EF99-44FC-B041-8A0D3C0E8F62}.Debug|Any CPU.ActiveCfg = Debug|Any CPU
		{D28DAB44-EF99-44FC-B041-8A0D3C0E8F62}.Debug|Any CPU.Build.0 = Debug|Any CPU
		{D28DAB44-EF99-44FC-B041-8A0D3C0E8F62}.Release|Any CPU.ActiveCfg = Release|Any CPU
		{D28DAB44-EF99-44FC-B041-8A0D3C0E8F62}.Release|Any CPU.Build.0 = Release|Any CPU
	EndGlobalSection
	GlobalSection(SolutionProperties) = preSolution
		HideSolutionNode = FALSE
	EndGlobalSection
	GlobalSection(ExtensibilityGlobals) = postSolution
		SolutionGuid = {05F8E378-CFEE-4150-BB44-DE0859329176}
	EndGlobalSection
EndGlobal
